// !$*UTF8*$!
{
	archiveVersion = 1;
	classes = {
	};
	objectVersion = 56;
	objects = {

/* Begin PBXBuildFile section */
		BAEEA5F82B456BEA00DCD042 /* PasswordVC.swift in Sources */ = {isa = PBXBuildFile; fileRef = BAEEA5F72B456BEA00DCD042 /* PasswordVC.swift */; };
		BAEEA5FA2B45760700DCD042 /* PasswordVM.swift in Sources */ = {isa = PBXBuildFile; fileRef = BAEEA5F92B45760700DCD042 /* PasswordVM.swift */; };
		BAEEA5FC2B457D5100DCD042 /* LoginVM.swift in Sources */ = {isa = PBXBuildFile; fileRef = BAEEA5FB2B457D5100DCD042 /* LoginVM.swift */; };
		BAEEA5FE2B457D5F00DCD042 /* LoginVC.swift in Sources */ = {isa = PBXBuildFile; fileRef = BAEEA5FD2B457D5F00DCD042 /* LoginVC.swift */; };
		BAEEA6002B4584E000DCD042 /* NumberVC.swift in Sources */ = {isa = PBXBuildFile; fileRef = BAEEA5FF2B4584E000DCD042 /* NumberVC.swift */; };
		BAEEA6022B4584E800DCD042 /* NumberVM.swift in Sources */ = {isa = PBXBuildFile; fileRef = BAEEA6012B4584E800DCD042 /* NumberVM.swift */; };
		BAEEA7B12B469DD400DCD042 /* IQKeyboardManagerSwift in Frameworks */ = {isa = PBXBuildFile; productRef = BAEEA7B02B469DD400DCD042 /* IQKeyboardManagerSwift */; };
		BAEEA7B72B46B8C400DCD042 /* Ext+NSMutableData.swift in Sources */ = {isa = PBXBuildFile; fileRef = BAEEA7B62B46B8C400DCD042 /* Ext+NSMutableData.swift */; };
		BAF86FAC2B32A62000E0F939 /* AppDelegate.swift in Sources */ = {isa = PBXBuildFile; fileRef = BAF86FAB2B32A62000E0F939 /* AppDelegate.swift */; };
		BAF86FAE2B32A62000E0F939 /* SceneDelegate.swift in Sources */ = {isa = PBXBuildFile; fileRef = BAF86FAD2B32A62000E0F939 /* SceneDelegate.swift */; };
		BAF86FB32B32A62000E0F939 /* Main.storyboard in Resources */ = {isa = PBXBuildFile; fileRef = BAF86FB12B32A62000E0F939 /* Main.storyboard */; };
		BAF86FB52B32A62200E0F939 /* Assets.xcassets in Resources */ = {isa = PBXBuildFile; fileRef = BAF86FB42B32A62200E0F939 /* Assets.xcassets */; };
		BAF86FB82B32A62200E0F939 /* LaunchScreen.storyboard in Resources */ = {isa = PBXBuildFile; fileRef = BAF86FB62B32A62200E0F939 /* LaunchScreen.storyboard */; };
		BAF86FC42B34416300E0F939 /* SnapKit in Frameworks */ = {isa = PBXBuildFile; productRef = BAF86FC32B34416300E0F939 /* SnapKit */; };
		BAF86FC62B34416300E0F939 /* SnapKit-Dynamic in Frameworks */ = {isa = PBXBuildFile; productRef = BAF86FC52B34416300E0F939 /* SnapKit-Dynamic */; };
		BAF86FD12B3600D300E0F939 /* AnimatedTextField.swift in Sources */ = {isa = PBXBuildFile; fileRef = BAF86FD02B3600D300E0F939 /* AnimatedTextField.swift */; };
		BAF86FD32B3600F400E0F939 /* BorderedTextField.swift in Sources */ = {isa = PBXBuildFile; fileRef = BAF86FD22B3600F400E0F939 /* BorderedTextField.swift */; };
		BAF86FD52B36011200E0F939 /* NumberTextField.swift in Sources */ = {isa = PBXBuildFile; fileRef = BAF86FD42B36011200E0F939 /* NumberTextField.swift */; };
		BAF86FD72B36015900E0F939 /* CustomTabBarController.swift in Sources */ = {isa = PBXBuildFile; fileRef = BAF86FD62B36015900E0F939 /* CustomTabBarController.swift */; };
		BAF86FD92B36017C00E0F939 /* CustomTabBar.swift in Sources */ = {isa = PBXBuildFile; fileRef = BAF86FD82B36017C00E0F939 /* CustomTabBar.swift */; };
		BAF86FDB2B3601A800E0F939 /* APIService.swift in Sources */ = {isa = PBXBuildFile; fileRef = BAF86FDA2B3601A800E0F939 /* APIService.swift */; };
		BAF86FDF2B3601FF00E0F939 /* TokenManager.swift in Sources */ = {isa = PBXBuildFile; fileRef = BAF86FDE2B3601FF00E0F939 /* TokenManager.swift */; };
		BAF86FE12B36022800E0F939 /* GetUserData.swift in Sources */ = {isa = PBXBuildFile; fileRef = BAF86FE02B36022800E0F939 /* GetUserData.swift */; };
		BAF86FE32B36025000E0F939 /* Ext+Data.swift in Sources */ = {isa = PBXBuildFile; fileRef = BAF86FE22B36025000E0F939 /* Ext+Data.swift */; };
		BAF86FE52B36026400E0F939 /* Ext+String.swift in Sources */ = {isa = PBXBuildFile; fileRef = BAF86FE42B36026400E0F939 /* Ext+String.swift */; };
		BAF86FF62B387CBB00E0F939 /* MainView.swift in Sources */ = {isa = PBXBuildFile; fileRef = BAF86FF52B387CBB00E0F939 /* MainView.swift */; };
		BAF86FF82B387CCA00E0F939 /* MainVC.swift in Sources */ = {isa = PBXBuildFile; fileRef = BAF86FF72B387CCA00E0F939 /* MainVC.swift */; };
		BAF86FFC2B387D1900E0F939 /* LoginView.swift in Sources */ = {isa = PBXBuildFile; fileRef = BAF86FFB2B387D1900E0F939 /* LoginView.swift */; };
		BAF870022B387D6600E0F939 /* RegView.swift in Sources */ = {isa = PBXBuildFile; fileRef = BAF870012B387D6600E0F939 /* RegView.swift */; };
		BAF870042B387D7A00E0F939 /* RegVC.swift in Sources */ = {isa = PBXBuildFile; fileRef = BAF870032B387D7A00E0F939 /* RegVC.swift */; };
		BAF870062B387D9700E0F939 /* PasswordView.swift in Sources */ = {isa = PBXBuildFile; fileRef = BAF870052B387D9700E0F939 /* PasswordView.swift */; };
		BAF8700C2B387DE400E0F939 /* ProfileView.swift in Sources */ = {isa = PBXBuildFile; fileRef = BAF8700B2B387DE400E0F939 /* ProfileView.swift */; };
		BAF8700E2B387DFA00E0F939 /* ProfileVC.swift in Sources */ = {isa = PBXBuildFile; fileRef = BAF8700D2B387DFA00E0F939 /* ProfileVC.swift */; };
		BAF870102B387E1C00E0F939 /* PersonalDataView.swift in Sources */ = {isa = PBXBuildFile; fileRef = BAF8700F2B387E1C00E0F939 /* PersonalDataView.swift */; };
		BAF870122B387E3400E0F939 /* PersonalDataVC.swift in Sources */ = {isa = PBXBuildFile; fileRef = BAF870112B387E3400E0F939 /* PersonalDataVC.swift */; };
		BAF870142B387EB400E0F939 /* NumberView.swift in Sources */ = {isa = PBXBuildFile; fileRef = BAF870132B387EB400E0F939 /* NumberView.swift */; };
		BAF8701A2B387EFF00E0F939 /* OTPView.swift in Sources */ = {isa = PBXBuildFile; fileRef = BAF870192B387EFF00E0F939 /* OTPView.swift */; };
		BAF8701C2B387F1D00E0F939 /* OTPVC.swift in Sources */ = {isa = PBXBuildFile; fileRef = BAF8701B2B387F1D00E0F939 /* OTPVC.swift */; };
		BAF870222B387F7500E0F939 /* ProductView.swift in Sources */ = {isa = PBXBuildFile; fileRef = BAF870212B387F7500E0F939 /* ProductView.swift */; };
		BAF870242B387FA900E0F939 /* ProductCell.swift in Sources */ = {isa = PBXBuildFile; fileRef = BAF870232B387FA900E0F939 /* ProductCell.swift */; };
		BAF870262B387FD500E0F939 /* PopUpView.swift in Sources */ = {isa = PBXBuildFile; fileRef = BAF870252B387FD500E0F939 /* PopUpView.swift */; };
		BAF870282B387FEE00E0F939 /* ProductVC.swift in Sources */ = {isa = PBXBuildFile; fileRef = BAF870272B387FEE00E0F939 /* ProductVC.swift */; };
		BAF8702A2B38801300E0F939 /* ProductVM.swift in Sources */ = {isa = PBXBuildFile; fileRef = BAF870292B38801300E0F939 /* ProductVM.swift */; };
		BAF8702C2B38804700E0F939 /* AddProductView.swift in Sources */ = {isa = PBXBuildFile; fileRef = BAF8702B2B38804700E0F939 /* AddProductView.swift */; };
		BAF8702E2B38806300E0F939 /* CustomCell.swift in Sources */ = {isa = PBXBuildFile; fileRef = BAF8702D2B38806300E0F939 /* CustomCell.swift */; };
		BAF870302B38807800E0F939 /* AddProductVC.swift in Sources */ = {isa = PBXBuildFile; fileRef = BAF8702F2B38807800E0F939 /* AddProductVC.swift */; };
		BAF870322B38809C00E0F939 /* AddProductVM.swift in Sources */ = {isa = PBXBuildFile; fileRef = BAF870312B38809C00E0F939 /* AddProductVM.swift */; };
		BAF870342B3880C000E0F939 /* ChangeProductView.swift in Sources */ = {isa = PBXBuildFile; fileRef = BAF870332B3880C000E0F939 /* ChangeProductView.swift */; };
		BAF870362B3880D100E0F939 /* ChangeProductVC.swift in Sources */ = {isa = PBXBuildFile; fileRef = BAF870352B3880D100E0F939 /* ChangeProductVC.swift */; };
		BAF870382B3880E500E0F939 /* ChangeProductVM.swift in Sources */ = {isa = PBXBuildFile; fileRef = BAF870372B3880E500E0F939 /* ChangeProductVM.swift */; };
		BAF8703B2B38827800E0F939 /* Alamofire in Frameworks */ = {isa = PBXBuildFile; productRef = BAF8703A2B38827800E0F939 /* Alamofire */; };
		BAF8703E2B3883AE00E0F939 /* AlamofireImage in Frameworks */ = {isa = PBXBuildFile; productRef = BAF8703D2B3883AE00E0F939 /* AlamofireImage */; };
		BAF870662B396D8300E0F939 /* Models.swift in Sources */ = {isa = PBXBuildFile; fileRef = BAF870652B396D8300E0F939 /* Models.swift */; };
		BAF870A82B3DD86400E0F939 /* FinishRegVC.swift in Sources */ = {isa = PBXBuildFile; fileRef = BAF870A72B3DD86400E0F939 /* FinishRegVC.swift */; };
		BAF870AA2B3DD87000E0F939 /* FinishRegView.swift in Sources */ = {isa = PBXBuildFile; fileRef = BAF870A92B3DD87000E0F939 /* FinishRegView.swift */; };
/* End PBXBuildFile section */

/* Begin PBXFileReference section */
		BAEEA5F72B456BEA00DCD042 /* PasswordVC.swift */ = {isa = PBXFileReference; lastKnownFileType = sourcecode.swift; path = PasswordVC.swift; sourceTree = "<group>"; };
		BAEEA5F92B45760700DCD042 /* PasswordVM.swift */ = {isa = PBXFileReference; lastKnownFileType = sourcecode.swift; path = PasswordVM.swift; sourceTree = "<group>"; };
		BAEEA5FB2B457D5100DCD042 /* LoginVM.swift */ = {isa = PBXFileReference; lastKnownFileType = sourcecode.swift; path = LoginVM.swift; sourceTree = "<group>"; };
		BAEEA5FD2B457D5F00DCD042 /* LoginVC.swift */ = {isa = PBXFileReference; lastKnownFileType = sourcecode.swift; path = LoginVC.swift; sourceTree = "<group>"; };
		BAEEA5FF2B4584E000DCD042 /* NumberVC.swift */ = {isa = PBXFileReference; lastKnownFileType = sourcecode.swift; path = NumberVC.swift; sourceTree = "<group>"; };
		BAEEA6012B4584E800DCD042 /* NumberVM.swift */ = {isa = PBXFileReference; lastKnownFileType = sourcecode.swift; path = NumberVM.swift; sourceTree = "<group>"; };
		BAEEA7B62B46B8C400DCD042 /* Ext+NSMutableData.swift */ = {isa = PBXFileReference; lastKnownFileType = sourcecode.swift; path = "Ext+NSMutableData.swift"; sourceTree = "<group>"; };
		BAF86FA82B32A62000E0F939 /* Neobis_iOS_Marketplace.app */ = {isa = PBXFileReference; explicitFileType = wrapper.application; includeInIndex = 0; path = Neobis_iOS_Marketplace.app; sourceTree = BUILT_PRODUCTS_DIR; };
		BAF86FAB2B32A62000E0F939 /* AppDelegate.swift */ = {isa = PBXFileReference; lastKnownFileType = sourcecode.swift; path = AppDelegate.swift; sourceTree = "<group>"; };
		BAF86FAD2B32A62000E0F939 /* SceneDelegate.swift */ = {isa = PBXFileReference; lastKnownFileType = sourcecode.swift; path = SceneDelegate.swift; sourceTree = "<group>"; };
		BAF86FB22B32A62000E0F939 /* Base */ = {isa = PBXFileReference; lastKnownFileType = file.storyboard; name = Base; path = Base.lproj/Main.storyboard; sourceTree = "<group>"; };
		BAF86FB42B32A62200E0F939 /* Assets.xcassets */ = {isa = PBXFileReference; lastKnownFileType = folder.assetcatalog; path = Assets.xcassets; sourceTree = "<group>"; };
		BAF86FB72B32A62200E0F939 /* Base */ = {isa = PBXFileReference; lastKnownFileType = file.storyboard; name = Base; path = Base.lproj/LaunchScreen.storyboard; sourceTree = "<group>"; };
		BAF86FB92B32A62200E0F939 /* Info.plist */ = {isa = PBXFileReference; lastKnownFileType = text.plist.xml; path = Info.plist; sourceTree = "<group>"; };
		BAF86FD02B3600D300E0F939 /* AnimatedTextField.swift */ = {isa = PBXFileReference; lastKnownFileType = sourcecode.swift; path = AnimatedTextField.swift; sourceTree = "<group>"; };
		BAF86FD22B3600F400E0F939 /* BorderedTextField.swift */ = {isa = PBXFileReference; lastKnownFileType = sourcecode.swift; path = BorderedTextField.swift; sourceTree = "<group>"; };
		BAF86FD42B36011200E0F939 /* NumberTextField.swift */ = {isa = PBXFileReference; lastKnownFileType = sourcecode.swift; path = NumberTextField.swift; sourceTree = "<group>"; };
		BAF86FD62B36015900E0F939 /* CustomTabBarController.swift */ = {isa = PBXFileReference; lastKnownFileType = sourcecode.swift; path = CustomTabBarController.swift; sourceTree = "<group>"; };
		BAF86FD82B36017C00E0F939 /* CustomTabBar.swift */ = {isa = PBXFileReference; lastKnownFileType = sourcecode.swift; path = CustomTabBar.swift; sourceTree = "<group>"; };
		BAF86FDA2B3601A800E0F939 /* APIService.swift */ = {isa = PBXFileReference; lastKnownFileType = sourcecode.swift; path = APIService.swift; sourceTree = "<group>"; };
		BAF86FDE2B3601FF00E0F939 /* TokenManager.swift */ = {isa = PBXFileReference; lastKnownFileType = sourcecode.swift; path = TokenManager.swift; sourceTree = "<group>"; };
		BAF86FE02B36022800E0F939 /* GetUserData.swift */ = {isa = PBXFileReference; lastKnownFileType = sourcecode.swift; path = GetUserData.swift; sourceTree = "<group>"; };
		BAF86FE22B36025000E0F939 /* Ext+Data.swift */ = {isa = PBXFileReference; lastKnownFileType = sourcecode.swift; path = "Ext+Data.swift"; sourceTree = "<group>"; };
		BAF86FE42B36026400E0F939 /* Ext+String.swift */ = {isa = PBXFileReference; lastKnownFileType = sourcecode.swift; path = "Ext+String.swift"; sourceTree = "<group>"; };
		BAF86FF52B387CBB00E0F939 /* MainView.swift */ = {isa = PBXFileReference; lastKnownFileType = sourcecode.swift; path = MainView.swift; sourceTree = "<group>"; };
		BAF86FF72B387CCA00E0F939 /* MainVC.swift */ = {isa = PBXFileReference; lastKnownFileType = sourcecode.swift; path = MainVC.swift; sourceTree = "<group>"; };
		BAF86FFB2B387D1900E0F939 /* LoginView.swift */ = {isa = PBXFileReference; lastKnownFileType = sourcecode.swift; path = LoginView.swift; sourceTree = "<group>"; };
		BAF870012B387D6600E0F939 /* RegView.swift */ = {isa = PBXFileReference; lastKnownFileType = sourcecode.swift; path = RegView.swift; sourceTree = "<group>"; };
		BAF870032B387D7A00E0F939 /* RegVC.swift */ = {isa = PBXFileReference; lastKnownFileType = sourcecode.swift; path = RegVC.swift; sourceTree = "<group>"; };
		BAF870052B387D9700E0F939 /* PasswordView.swift */ = {isa = PBXFileReference; lastKnownFileType = sourcecode.swift; path = PasswordView.swift; sourceTree = "<group>"; };
		BAF8700B2B387DE400E0F939 /* ProfileView.swift */ = {isa = PBXFileReference; lastKnownFileType = sourcecode.swift; path = ProfileView.swift; sourceTree = "<group>"; };
		BAF8700D2B387DFA00E0F939 /* ProfileVC.swift */ = {isa = PBXFileReference; lastKnownFileType = sourcecode.swift; path = ProfileVC.swift; sourceTree = "<group>"; };
		BAF8700F2B387E1C00E0F939 /* PersonalDataView.swift */ = {isa = PBXFileReference; lastKnownFileType = sourcecode.swift; path = PersonalDataView.swift; sourceTree = "<group>"; };
		BAF870112B387E3400E0F939 /* PersonalDataVC.swift */ = {isa = PBXFileReference; lastKnownFileType = sourcecode.swift; path = PersonalDataVC.swift; sourceTree = "<group>"; };
		BAF870132B387EB400E0F939 /* NumberView.swift */ = {isa = PBXFileReference; lastKnownFileType = sourcecode.swift; path = NumberView.swift; sourceTree = "<group>"; };
		BAF870192B387EFF00E0F939 /* OTPView.swift */ = {isa = PBXFileReference; lastKnownFileType = sourcecode.swift; path = OTPView.swift; sourceTree = "<group>"; };
		BAF8701B2B387F1D00E0F939 /* OTPVC.swift */ = {isa = PBXFileReference; lastKnownFileType = sourcecode.swift; path = OTPVC.swift; sourceTree = "<group>"; };
		BAF870212B387F7500E0F939 /* ProductView.swift */ = {isa = PBXFileReference; lastKnownFileType = sourcecode.swift; path = ProductView.swift; sourceTree = "<group>"; };
		BAF870232B387FA900E0F939 /* ProductCell.swift */ = {isa = PBXFileReference; lastKnownFileType = sourcecode.swift; path = ProductCell.swift; sourceTree = "<group>"; };
		BAF870252B387FD500E0F939 /* PopUpView.swift */ = {isa = PBXFileReference; lastKnownFileType = sourcecode.swift; path = PopUpView.swift; sourceTree = "<group>"; };
		BAF870272B387FEE00E0F939 /* ProductVC.swift */ = {isa = PBXFileReference; lastKnownFileType = sourcecode.swift; path = ProductVC.swift; sourceTree = "<group>"; };
		BAF870292B38801300E0F939 /* ProductVM.swift */ = {isa = PBXFileReference; lastKnownFileType = sourcecode.swift; path = ProductVM.swift; sourceTree = "<group>"; };
		BAF8702B2B38804700E0F939 /* AddProductView.swift */ = {isa = PBXFileReference; lastKnownFileType = sourcecode.swift; path = AddProductView.swift; sourceTree = "<group>"; };
		BAF8702D2B38806300E0F939 /* CustomCell.swift */ = {isa = PBXFileReference; lastKnownFileType = sourcecode.swift; path = CustomCell.swift; sourceTree = "<group>"; };
		BAF8702F2B38807800E0F939 /* AddProductVC.swift */ = {isa = PBXFileReference; lastKnownFileType = sourcecode.swift; path = AddProductVC.swift; sourceTree = "<group>"; };
		BAF870312B38809C00E0F939 /* AddProductVM.swift */ = {isa = PBXFileReference; lastKnownFileType = sourcecode.swift; path = AddProductVM.swift; sourceTree = "<group>"; };
		BAF870332B3880C000E0F939 /* ChangeProductView.swift */ = {isa = PBXFileReference; lastKnownFileType = sourcecode.swift; path = ChangeProductView.swift; sourceTree = "<group>"; };
		BAF870352B3880D100E0F939 /* ChangeProductVC.swift */ = {isa = PBXFileReference; lastKnownFileType = sourcecode.swift; path = ChangeProductVC.swift; sourceTree = "<group>"; };
		BAF870372B3880E500E0F939 /* ChangeProductVM.swift */ = {isa = PBXFileReference; lastKnownFileType = sourcecode.swift; path = ChangeProductVM.swift; sourceTree = "<group>"; };
		BAF8703F2B389B7B00E0F939 /* GothamProNarrow-Bold.ttf */ = {isa = PBXFileReference; lastKnownFileType = file; path = "GothamProNarrow-Bold.ttf"; sourceTree = "<group>"; };
		BAF870402B389B7B00E0F939 /* gothampro_italic.ttf */ = {isa = PBXFileReference; lastKnownFileType = file; path = gothampro_italic.ttf; sourceTree = "<group>"; };
		BAF870412B389B7B00E0F939 /* Nunito-Medium.ttf */ = {isa = PBXFileReference; lastKnownFileType = file; path = "Nunito-Medium.ttf"; sourceTree = "<group>"; };
		BAF870422B389B7B00E0F939 /* Nunito-Black.ttf */ = {isa = PBXFileReference; lastKnownFileType = file; path = "Nunito-Black.ttf"; sourceTree = "<group>"; };
		BAF870432B389B7B00E0F939 /* Nunito-ExtraBoldItalic.ttf */ = {isa = PBXFileReference; lastKnownFileType = file; path = "Nunito-ExtraBoldItalic.ttf"; sourceTree = "<group>"; };
		BAF870442B389B7B00E0F939 /* SFProText-Medium.ttf */ = {isa = PBXFileReference; lastKnownFileType = file; path = "SFProText-Medium.ttf"; sourceTree = "<group>"; };
		BAF870452B389B7B00E0F939 /* Nunito-Regular.ttf */ = {isa = PBXFileReference; lastKnownFileType = file; path = "Nunito-Regular.ttf"; sourceTree = "<group>"; };
		BAF870462B389B7B00E0F939 /* Nunito-Light.ttf */ = {isa = PBXFileReference; lastKnownFileType = file; path = "Nunito-Light.ttf"; sourceTree = "<group>"; };
		BAF870472B389B7B00E0F939 /* gothampro.ttf */ = {isa = PBXFileReference; lastKnownFileType = file; path = gothampro.ttf; sourceTree = "<group>"; };
		BAF870482B389B7B00E0F939 /* gothampro_lightitalic.ttf */ = {isa = PBXFileReference; lastKnownFileType = file; path = gothampro_lightitalic.ttf; sourceTree = "<group>"; };
		BAF870492B389B7C00E0F939 /* gothampro_mediumitalic.ttf */ = {isa = PBXFileReference; lastKnownFileType = file; path = gothampro_mediumitalic.ttf; sourceTree = "<group>"; };
		BAF8704A2B389B7C00E0F939 /* GothamPro-Black.ttf */ = {isa = PBXFileReference; lastKnownFileType = file; path = "GothamPro-Black.ttf"; sourceTree = "<group>"; };
		BAF8704B2B389B7C00E0F939 /* Nunito-ExtraLight.ttf */ = {isa = PBXFileReference; lastKnownFileType = file; path = "Nunito-ExtraLight.ttf"; sourceTree = "<group>"; };
		BAF8704C2B389B7C00E0F939 /* GothamProNarrow-Medium.ttf */ = {isa = PBXFileReference; lastKnownFileType = file; path = "GothamProNarrow-Medium.ttf"; sourceTree = "<group>"; };
		BAF8704D2B389B7C00E0F939 /* GothamPro-Bold.ttf */ = {isa = PBXFileReference; lastKnownFileType = file; path = "GothamPro-Bold.ttf"; sourceTree = "<group>"; };
		BAF8704E2B389B7C00E0F939 /* Nunito-Italic.ttf */ = {isa = PBXFileReference; lastKnownFileType = file; path = "Nunito-Italic.ttf"; sourceTree = "<group>"; };
		BAF8704F2B389B7C00E0F939 /* Nunito-SemiBold.ttf */ = {isa = PBXFileReference; lastKnownFileType = file; path = "Nunito-SemiBold.ttf"; sourceTree = "<group>"; };
		BAF870502B389B7C00E0F939 /* GothamPro-Light.ttf */ = {isa = PBXFileReference; lastKnownFileType = file; path = "GothamPro-Light.ttf"; sourceTree = "<group>"; };
		BAF870512B389B7C00E0F939 /* Nunito-BoldItalic.ttf */ = {isa = PBXFileReference; lastKnownFileType = file; path = "Nunito-BoldItalic.ttf"; sourceTree = "<group>"; };
		BAF870522B389B7C00E0F939 /* GothamPro-Italic.ttf */ = {isa = PBXFileReference; lastKnownFileType = file; path = "GothamPro-Italic.ttf"; sourceTree = "<group>"; };
		BAF870532B389B7C00E0F939 /* gothampro_blackitalic.ttf */ = {isa = PBXFileReference; lastKnownFileType = file; path = gothampro_blackitalic.ttf; sourceTree = "<group>"; };
		BAF870542B389B7C00E0F939 /* gothampro_bolditalic.ttf */ = {isa = PBXFileReference; lastKnownFileType = file; path = gothampro_bolditalic.ttf; sourceTree = "<group>"; };
		BAF870552B389B7C00E0F939 /* gothampro_medium.ttf */ = {isa = PBXFileReference; lastKnownFileType = file; path = gothampro_medium.ttf; sourceTree = "<group>"; };
		BAF870562B389B7C00E0F939 /* GothamPro-BoldItalic.ttf */ = {isa = PBXFileReference; lastKnownFileType = file; path = "GothamPro-BoldItalic.ttf"; sourceTree = "<group>"; };
		BAF870572B389B7C00E0F939 /* GothamPro-BlackItalic.ttf */ = {isa = PBXFileReference; lastKnownFileType = file; path = "GothamPro-BlackItalic.ttf"; sourceTree = "<group>"; };
		BAF870582B389B7D00E0F939 /* gothampro_light.ttf */ = {isa = PBXFileReference; lastKnownFileType = file; path = gothampro_light.ttf; sourceTree = "<group>"; };
		BAF870592B389B7D00E0F939 /* GothamPro-LightItalic.ttf */ = {isa = PBXFileReference; lastKnownFileType = file; path = "GothamPro-LightItalic.ttf"; sourceTree = "<group>"; };
		BAF8705A2B389B7D00E0F939 /* gothampro_bold.ttf */ = {isa = PBXFileReference; lastKnownFileType = file; path = gothampro_bold.ttf; sourceTree = "<group>"; };
		BAF8705B2B389B7D00E0F939 /* Nunito-Bold.ttf */ = {isa = PBXFileReference; lastKnownFileType = file; path = "Nunito-Bold.ttf"; sourceTree = "<group>"; };
		BAF8705C2B389B7D00E0F939 /* Nunito-ExtraBold.ttf */ = {isa = PBXFileReference; lastKnownFileType = file; path = "Nunito-ExtraBold.ttf"; sourceTree = "<group>"; };
		BAF8705D2B389B7D00E0F939 /* GothamPro-Medium.ttf */ = {isa = PBXFileReference; lastKnownFileType = file; path = "GothamPro-Medium.ttf"; sourceTree = "<group>"; };
		BAF8705E2B389B7D00E0F939 /* Nunito-SemiBoldItalic.ttf */ = {isa = PBXFileReference; lastKnownFileType = file; path = "Nunito-SemiBoldItalic.ttf"; sourceTree = "<group>"; };
		BAF8705F2B389B7D00E0F939 /* gothampro_black.ttf */ = {isa = PBXFileReference; lastKnownFileType = file; path = gothampro_black.ttf; sourceTree = "<group>"; };
		BAF870602B389B7D00E0F939 /* GothamPro-MediumItalic.ttf */ = {isa = PBXFileReference; lastKnownFileType = file; path = "GothamPro-MediumItalic.ttf"; sourceTree = "<group>"; };
		BAF870612B389B7D00E0F939 /* Nunito-BlackItalic.ttf */ = {isa = PBXFileReference; lastKnownFileType = file; path = "Nunito-BlackItalic.ttf"; sourceTree = "<group>"; };
		BAF870622B389B7D00E0F939 /* Nunito-MediumItalic.ttf */ = {isa = PBXFileReference; lastKnownFileType = file; path = "Nunito-MediumItalic.ttf"; sourceTree = "<group>"; };
		BAF870632B389B7D00E0F939 /* Nunito-LightItalic.ttf */ = {isa = PBXFileReference; lastKnownFileType = file; path = "Nunito-LightItalic.ttf"; sourceTree = "<group>"; };
		BAF870642B389B7D00E0F939 /* Nunito-ExtraLightItalic.ttf */ = {isa = PBXFileReference; lastKnownFileType = file; path = "Nunito-ExtraLightItalic.ttf"; sourceTree = "<group>"; };
		BAF870652B396D8300E0F939 /* Models.swift */ = {isa = PBXFileReference; lastKnownFileType = sourcecode.swift; path = Models.swift; sourceTree = "<group>"; };
		BAF870A72B3DD86400E0F939 /* FinishRegVC.swift */ = {isa = PBXFileReference; lastKnownFileType = sourcecode.swift; path = FinishRegVC.swift; sourceTree = "<group>"; };
		BAF870A92B3DD87000E0F939 /* FinishRegView.swift */ = {isa = PBXFileReference; lastKnownFileType = sourcecode.swift; path = FinishRegView.swift; sourceTree = "<group>"; };
/* End PBXFileReference section */

/* Begin PBXFrameworksBuildPhase section */
		BAF86FA52B32A62000E0F939 /* Frameworks */ = {
			isa = PBXFrameworksBuildPhase;
			buildActionMask = 2147483647;
			files = (
				BAEEA7B12B469DD400DCD042 /* IQKeyboardManagerSwift in Frameworks */,
				BAF8703B2B38827800E0F939 /* Alamofire in Frameworks */,
				BAF8703E2B3883AE00E0F939 /* AlamofireImage in Frameworks */,
				BAF86FC42B34416300E0F939 /* SnapKit in Frameworks */,
				BAF86FC62B34416300E0F939 /* SnapKit-Dynamic in Frameworks */,
			);
			runOnlyForDeploymentPostprocessing = 0;
		};
/* End PBXFrameworksBuildPhase section */

/* Begin PBXGroup section */
		BAF86F9F2B32A62000E0F939 = {
			isa = PBXGroup;
			children = (
				BAF86FAA2B32A62000E0F939 /* Neobis_iOS_Marketplace */,
				BAF86FA92B32A62000E0F939 /* Products */,
			);
			sourceTree = "<group>";
		};
		BAF86FA92B32A62000E0F939 /* Products */ = {
			isa = PBXGroup;
			children = (
				BAF86FA82B32A62000E0F939 /* Neobis_iOS_Marketplace.app */,
			);
			name = Products;
			sourceTree = "<group>";
		};
		BAF86FAA2B32A62000E0F939 /* Neobis_iOS_Marketplace */ = {
			isa = PBXGroup;
			children = (
				BAF86FC82B35FF3300E0F939 /* Screens */,
				BAF870842B3D9FF400E0F939 /* NetworkLayer */,
				BAF870852B3DA03000E0F939 /* Helpers */,
				BAF86FC72B34417500E0F939 /* Application */,
				BAF86FB92B32A62200E0F939 /* Info.plist */,
			);
			path = Neobis_iOS_Marketplace;
			sourceTree = "<group>";
		};
		BAF86FBF2B34412200E0F939 /* CustomViews */ = {
			isa = PBXGroup;
			children = (
				BAF86FCE2B35FF8600E0F939 /* CustomTabBar */,
				BAF86FCF2B35FF8E00E0F939 /* CustomTextFields */,
			);
			path = CustomViews;
			sourceTree = "<group>";
		};
		BAF86FC72B34417500E0F939 /* Application */ = {
			isa = PBXGroup;
			children = (
				BAF86FAD2B32A62000E0F939 /* SceneDelegate.swift */,
				BAF86FAB2B32A62000E0F939 /* AppDelegate.swift */,
				BAF86FB12B32A62000E0F939 /* Main.storyboard */,
				BAF86FB42B32A62200E0F939 /* Assets.xcassets */,
				BAF86FB62B32A62200E0F939 /* LaunchScreen.storyboard */,
			);
			path = Application;
			sourceTree = "<group>";
		};
		BAF86FC82B35FF3300E0F939 /* Screens */ = {
			isa = PBXGroup;
			children = (
				BAF86FF12B36031200E0F939 /* Login */,
				BAF86FF02B36030200E0F939 /* Registration */,
				BAF86FEF2B3602FC00E0F939 /* Password */,
				BAF86FEE2B3602F200E0F939 /* Profile */,
				BAF870A62B3DD84900E0F939 /* FinishRegistration */,
				BAF86FED2B3602E600E0F939 /* PersonalData */,
				BAF86FEC2B3602DB00E0F939 /* AddNumber */,
				BAF86FEB2B3602D300E0F939 /* OTP */,
				BAF86FF32B36032500E0F939 /* Main */,
				BAF86FE92B3602C100E0F939 /* Product */,
				BAF86FE82B3602B700E0F939 /* AddProduct */,
				BAF86FE72B3602AE00E0F939 /* ChangeProduct */,
			);
			path = Screens;
			sourceTree = "<group>";
		};
		BAF86FC92B35FF4700E0F939 /* Extensions */ = {
			isa = PBXGroup;
			children = (
				BAF86FE22B36025000E0F939 /* Ext+Data.swift */,
				BAF86FE42B36026400E0F939 /* Ext+String.swift */,
				BAEEA7B62B46B8C400DCD042 /* Ext+NSMutableData.swift */,
			);
			path = Extensions;
			sourceTree = "<group>";
		};
		BAF86FCE2B35FF8600E0F939 /* CustomTabBar */ = {
			isa = PBXGroup;
			children = (
				BAF86FD62B36015900E0F939 /* CustomTabBarController.swift */,
				BAF86FD82B36017C00E0F939 /* CustomTabBar.swift */,
			);
			path = CustomTabBar;
			sourceTree = "<group>";
		};
		BAF86FCF2B35FF8E00E0F939 /* CustomTextFields */ = {
			isa = PBXGroup;
			children = (
				BAF86FD02B3600D300E0F939 /* AnimatedTextField.swift */,
				BAF86FD22B3600F400E0F939 /* BorderedTextField.swift */,
				BAF86FD42B36011200E0F939 /* NumberTextField.swift */,
			);
			path = CustomTextFields;
			sourceTree = "<group>";
		};
		BAF86FE62B3602A500E0F939 /* Fonts */ = {
			isa = PBXGroup;
			children = (
				BAF8705F2B389B7D00E0F939 /* gothampro_black.ttf */,
				BAF870532B389B7C00E0F939 /* gothampro_blackitalic.ttf */,
				BAF8705A2B389B7D00E0F939 /* gothampro_bold.ttf */,
				BAF870542B389B7C00E0F939 /* gothampro_bolditalic.ttf */,
				BAF870402B389B7B00E0F939 /* gothampro_italic.ttf */,
				BAF870582B389B7D00E0F939 /* gothampro_light.ttf */,
				BAF870482B389B7B00E0F939 /* gothampro_lightitalic.ttf */,
				BAF870552B389B7C00E0F939 /* gothampro_medium.ttf */,
				BAF870492B389B7C00E0F939 /* gothampro_mediumitalic.ttf */,
				BAF8704A2B389B7C00E0F939 /* GothamPro-Black.ttf */,
				BAF870572B389B7C00E0F939 /* GothamPro-BlackItalic.ttf */,
				BAF8704D2B389B7C00E0F939 /* GothamPro-Bold.ttf */,
				BAF870562B389B7C00E0F939 /* GothamPro-BoldItalic.ttf */,
				BAF870522B389B7C00E0F939 /* GothamPro-Italic.ttf */,
				BAF870502B389B7C00E0F939 /* GothamPro-Light.ttf */,
				BAF870592B389B7D00E0F939 /* GothamPro-LightItalic.ttf */,
				BAF8705D2B389B7D00E0F939 /* GothamPro-Medium.ttf */,
				BAF870602B389B7D00E0F939 /* GothamPro-MediumItalic.ttf */,
				BAF870472B389B7B00E0F939 /* gothampro.ttf */,
				BAF8703F2B389B7B00E0F939 /* GothamProNarrow-Bold.ttf */,
				BAF8704C2B389B7C00E0F939 /* GothamProNarrow-Medium.ttf */,
				BAF870422B389B7B00E0F939 /* Nunito-Black.ttf */,
				BAF870612B389B7D00E0F939 /* Nunito-BlackItalic.ttf */,
				BAF8705B2B389B7D00E0F939 /* Nunito-Bold.ttf */,
				BAF870512B389B7C00E0F939 /* Nunito-BoldItalic.ttf */,
				BAF8705C2B389B7D00E0F939 /* Nunito-ExtraBold.ttf */,
				BAF870432B389B7B00E0F939 /* Nunito-ExtraBoldItalic.ttf */,
				BAF8704B2B389B7C00E0F939 /* Nunito-ExtraLight.ttf */,
				BAF870642B389B7D00E0F939 /* Nunito-ExtraLightItalic.ttf */,
				BAF8704E2B389B7C00E0F939 /* Nunito-Italic.ttf */,
				BAF870462B389B7B00E0F939 /* Nunito-Light.ttf */,
				BAF870632B389B7D00E0F939 /* Nunito-LightItalic.ttf */,
				BAF870412B389B7B00E0F939 /* Nunito-Medium.ttf */,
				BAF870622B389B7D00E0F939 /* Nunito-MediumItalic.ttf */,
				BAF870452B389B7B00E0F939 /* Nunito-Regular.ttf */,
				BAF8704F2B389B7C00E0F939 /* Nunito-SemiBold.ttf */,
				BAF8705E2B389B7D00E0F939 /* Nunito-SemiBoldItalic.ttf */,
				BAF870442B389B7B00E0F939 /* SFProText-Medium.ttf */,
			);
			path = Fonts;
			sourceTree = "<group>";
		};
		BAF86FE72B3602AE00E0F939 /* ChangeProduct */ = {
			isa = PBXGroup;
			children = (
				BAF870332B3880C000E0F939 /* ChangeProductView.swift */,
				BAF870352B3880D100E0F939 /* ChangeProductVC.swift */,
				BAF870372B3880E500E0F939 /* ChangeProductVM.swift */,
			);
			path = ChangeProduct;
			sourceTree = "<group>";
		};
		BAF86FE82B3602B700E0F939 /* AddProduct */ = {
			isa = PBXGroup;
			children = (
				BAF8702B2B38804700E0F939 /* AddProductView.swift */,
				BAF8702D2B38806300E0F939 /* CustomCell.swift */,
				BAF8702F2B38807800E0F939 /* AddProductVC.swift */,
				BAF870312B38809C00E0F939 /* AddProductVM.swift */,
			);
			path = AddProduct;
			sourceTree = "<group>";
		};
		BAF86FE92B3602C100E0F939 /* Product */ = {
			isa = PBXGroup;
			children = (
				BAF870212B387F7500E0F939 /* ProductView.swift */,
				BAF870232B387FA900E0F939 /* ProductCell.swift */,
				BAF870272B387FEE00E0F939 /* ProductVC.swift */,
				BAF870292B38801300E0F939 /* ProductVM.swift */,
				BAF870252B387FD500E0F939 /* PopUpView.swift */,
			);
			path = Product;
			sourceTree = "<group>";
		};
		BAF86FEB2B3602D300E0F939 /* OTP */ = {
			isa = PBXGroup;
			children = (
				BAF870192B387EFF00E0F939 /* OTPView.swift */,
				BAF8701B2B387F1D00E0F939 /* OTPVC.swift */,
			);
			path = OTP;
			sourceTree = "<group>";
		};
		BAF86FEC2B3602DB00E0F939 /* AddNumber */ = {
			isa = PBXGroup;
			children = (
				BAF870132B387EB400E0F939 /* NumberView.swift */,
				BAEEA5FF2B4584E000DCD042 /* NumberVC.swift */,
				BAEEA6012B4584E800DCD042 /* NumberVM.swift */,
			);
			path = AddNumber;
			sourceTree = "<group>";
		};
		BAF86FED2B3602E600E0F939 /* PersonalData */ = {
			isa = PBXGroup;
			children = (
				BAF8700F2B387E1C00E0F939 /* PersonalDataView.swift */,
				BAF870112B387E3400E0F939 /* PersonalDataVC.swift */,
			);
			path = PersonalData;
			sourceTree = "<group>";
		};
		BAF86FEE2B3602F200E0F939 /* Profile */ = {
			isa = PBXGroup;
			children = (
				BAF8700B2B387DE400E0F939 /* ProfileView.swift */,
				BAF8700D2B387DFA00E0F939 /* ProfileVC.swift */,
			);
			path = Profile;
			sourceTree = "<group>";
		};
		BAF86FEF2B3602FC00E0F939 /* Password */ = {
			isa = PBXGroup;
			children = (
				BAF870052B387D9700E0F939 /* PasswordView.swift */,
				BAEEA5F72B456BEA00DCD042 /* PasswordVC.swift */,
				BAEEA5F92B45760700DCD042 /* PasswordVM.swift */,
			);
			path = Password;
			sourceTree = "<group>";
		};
		BAF86FF02B36030200E0F939 /* Registration */ = {
			isa = PBXGroup;
			children = (
				BAF870012B387D6600E0F939 /* RegView.swift */,
				BAF870032B387D7A00E0F939 /* RegVC.swift */,
			);
			path = Registration;
			sourceTree = "<group>";
		};
		BAF86FF12B36031200E0F939 /* Login */ = {
			isa = PBXGroup;
			children = (
				BAF86FFB2B387D1900E0F939 /* LoginView.swift */,
				BAEEA5FD2B457D5F00DCD042 /* LoginVC.swift */,
				BAEEA5FB2B457D5100DCD042 /* LoginVM.swift */,
			);
			path = Login;
			sourceTree = "<group>";
		};
		BAF86FF32B36032500E0F939 /* Main */ = {
			isa = PBXGroup;
			children = (
				BAF86FF52B387CBB00E0F939 /* MainView.swift */,
				BAF86FF72B387CCA00E0F939 /* MainVC.swift */,
			);
			path = Main;
			sourceTree = "<group>";
		};
		BAF870842B3D9FF400E0F939 /* NetworkLayer */ = {
			isa = PBXGroup;
			children = (
				BAF870652B396D8300E0F939 /* Models.swift */,
				BAF86FDA2B3601A800E0F939 /* APIService.swift */,
				BAF86FE02B36022800E0F939 /* GetUserData.swift */,
				BAF86FDE2B3601FF00E0F939 /* TokenManager.swift */,
			);
			path = NetworkLayer;
			sourceTree = "<group>";
		};
		BAF870852B3DA03000E0F939 /* Helpers */ = {
			isa = PBXGroup;
			children = (
				BAF86FBF2B34412200E0F939 /* CustomViews */,
				BAF86FC92B35FF4700E0F939 /* Extensions */,
				BAF86FE62B3602A500E0F939 /* Fonts */,
			);
			path = Helpers;
			sourceTree = "<group>";
		};
		BAF870A62B3DD84900E0F939 /* FinishRegistration */ = {
			isa = PBXGroup;
			children = (
				BAF870A92B3DD87000E0F939 /* FinishRegView.swift */,
				BAF870A72B3DD86400E0F939 /* FinishRegVC.swift */,
			);
			path = FinishRegistration;
			sourceTree = "<group>";
		};
/* End PBXGroup section */

/* Begin PBXNativeTarget section */
		BAF86FA72B32A62000E0F939 /* Neobis_iOS_Marketplace */ = {
			isa = PBXNativeTarget;
			buildConfigurationList = BAF86FBC2B32A62200E0F939 /* Build configuration list for PBXNativeTarget "Neobis_iOS_Marketplace" */;
			buildPhases = (
				BAF86FA42B32A62000E0F939 /* Sources */,
				BAF86FA52B32A62000E0F939 /* Frameworks */,
				BAF86FA62B32A62000E0F939 /* Resources */,
			);
			buildRules = (
			);
			dependencies = (
			);
			name = Neobis_iOS_Marketplace;
			packageProductDependencies = (
				BAF86FC32B34416300E0F939 /* SnapKit */,
				BAF86FC52B34416300E0F939 /* SnapKit-Dynamic */,
				BAF8703A2B38827800E0F939 /* Alamofire */,
				BAF8703D2B3883AE00E0F939 /* AlamofireImage */,
				BAEEA7B02B469DD400DCD042 /* IQKeyboardManagerSwift */,
			);
			productName = Neobis_iOS_Marketplace;
			productReference = BAF86FA82B32A62000E0F939 /* Neobis_iOS_Marketplace.app */;
			productType = "com.apple.product-type.application";
		};
/* End PBXNativeTarget section */

/* Begin PBXProject section */
		BAF86FA02B32A62000E0F939 /* Project object */ = {
			isa = PBXProject;
			attributes = {
				BuildIndependentTargetsInParallel = 1;
				LastSwiftUpdateCheck = 1500;
				LastUpgradeCheck = 1500;
				TargetAttributes = {
					BAF86FA72B32A62000E0F939 = {
						CreatedOnToolsVersion = 15.0.1;
					};
				};
			};
			buildConfigurationList = BAF86FA32B32A62000E0F939 /* Build configuration list for PBXProject "Neobis_iOS_Marketplace" */;
			compatibilityVersion = "Xcode 14.0";
			developmentRegion = en;
			hasScannedForEncodings = 0;
			knownRegions = (
				en,
				Base,
			);
			mainGroup = BAF86F9F2B32A62000E0F939;
			packageReferences = (
				BAF86FC22B34416300E0F939 /* XCRemoteSwiftPackageReference "SnapKit" */,
				BAF870392B38827800E0F939 /* XCRemoteSwiftPackageReference "Alamofire" */,
				BAF8703C2B3883AE00E0F939 /* XCRemoteSwiftPackageReference "AlamofireImage" */,
				BAEEA7AF2B469DD400DCD042 /* XCRemoteSwiftPackageReference "IQKeyboardManager" */,
			);
			productRefGroup = BAF86FA92B32A62000E0F939 /* Products */;
			projectDirPath = "";
			projectRoot = "";
			targets = (
				BAF86FA72B32A62000E0F939 /* Neobis_iOS_Marketplace */,
			);
		};
/* End PBXProject section */

/* Begin PBXResourcesBuildPhase section */
		BAF86FA62B32A62000E0F939 /* Resources */ = {
			isa = PBXResourcesBuildPhase;
			buildActionMask = 2147483647;
			files = (
				BAF86FB82B32A62200E0F939 /* LaunchScreen.storyboard in Resources */,
				BAF86FB52B32A62200E0F939 /* Assets.xcassets in Resources */,
				BAF86FB32B32A62000E0F939 /* Main.storyboard in Resources */,
			);
			runOnlyForDeploymentPostprocessing = 0;
		};
/* End PBXResourcesBuildPhase section */

/* Begin PBXSourcesBuildPhase section */
		BAF86FA42B32A62000E0F939 /* Sources */ = {
			isa = PBXSourcesBuildPhase;
			buildActionMask = 2147483647;
			files = (
				BAF870362B3880D100E0F939 /* ChangeProductVC.swift in Sources */,
				BAF8700C2B387DE400E0F939 /* ProfileView.swift in Sources */,
				BAF8702E2B38806300E0F939 /* CustomCell.swift in Sources */,
				BAF86FF82B387CCA00E0F939 /* MainVC.swift in Sources */,
				BAF8702A2B38801300E0F939 /* ProductVM.swift in Sources */,
				BAF86FDF2B3601FF00E0F939 /* TokenManager.swift in Sources */,
				BAEEA5FE2B457D5F00DCD042 /* LoginVC.swift in Sources */,
				BAEEA6022B4584E800DCD042 /* NumberVM.swift in Sources */,
				BAF870102B387E1C00E0F939 /* PersonalDataView.swift in Sources */,
				BAEEA5FA2B45760700DCD042 /* PasswordVM.swift in Sources */,
				BAF86FE52B36026400E0F939 /* Ext+String.swift in Sources */,
				BAF8701C2B387F1D00E0F939 /* OTPVC.swift in Sources */,
				BAF86FD72B36015900E0F939 /* CustomTabBarController.swift in Sources */,
				BAF870142B387EB400E0F939 /* NumberView.swift in Sources */,
				BAF870222B387F7500E0F939 /* ProductView.swift in Sources */,
				BAF870122B387E3400E0F939 /* PersonalDataVC.swift in Sources */,
				BAF870322B38809C00E0F939 /* AddProductVM.swift in Sources */,
				BAF86FD52B36011200E0F939 /* NumberTextField.swift in Sources */,
				BAF86FD92B36017C00E0F939 /* CustomTabBar.swift in Sources */,
				BAF870042B387D7A00E0F939 /* RegVC.swift in Sources */,
				BAF870662B396D8300E0F939 /* Models.swift in Sources */,
				BAF86FE12B36022800E0F939 /* GetUserData.swift in Sources */,
				BAF8701A2B387EFF00E0F939 /* OTPView.swift in Sources */,
				BAF870282B387FEE00E0F939 /* ProductVC.swift in Sources */,
				BAF86FF62B387CBB00E0F939 /* MainView.swift in Sources */,
				BAEEA5FC2B457D5100DCD042 /* LoginVM.swift in Sources */,
				BAF870A82B3DD86400E0F939 /* FinishRegVC.swift in Sources */,
				BAF86FD32B3600F400E0F939 /* BorderedTextField.swift in Sources */,
				BAF870262B387FD500E0F939 /* PopUpView.swift in Sources */,
				BAF86FAC2B32A62000E0F939 /* AppDelegate.swift in Sources */,
				BAEEA6002B4584E000DCD042 /* NumberVC.swift in Sources */,
				BAF8700E2B387DFA00E0F939 /* ProfileVC.swift in Sources */,
				BAF86FDB2B3601A800E0F939 /* APIService.swift in Sources */,
				BAEEA7B72B46B8C400DCD042 /* Ext+NSMutableData.swift in Sources */,
				BAF8702C2B38804700E0F939 /* AddProductView.swift in Sources */,
				BAF870302B38807800E0F939 /* AddProductVC.swift in Sources */,
				BAF870242B387FA900E0F939 /* ProductCell.swift in Sources */,
				BAEEA5F82B456BEA00DCD042 /* PasswordVC.swift in Sources */,
				BAF870AA2B3DD87000E0F939 /* FinishRegView.swift in Sources */,
				BAF86FAE2B32A62000E0F939 /* SceneDelegate.swift in Sources */,
				BAF870022B387D6600E0F939 /* RegView.swift in Sources */,
				BAF870062B387D9700E0F939 /* PasswordView.swift in Sources */,
				BAF870342B3880C000E0F939 /* ChangeProductView.swift in Sources */,
				BAF86FD12B3600D300E0F939 /* AnimatedTextField.swift in Sources */,
				BAF870382B3880E500E0F939 /* ChangeProductVM.swift in Sources */,
				BAF86FFC2B387D1900E0F939 /* LoginView.swift in Sources */,
				BAF86FE32B36025000E0F939 /* Ext+Data.swift in Sources */,
			);
			runOnlyForDeploymentPostprocessing = 0;
		};
/* End PBXSourcesBuildPhase section */

/* Begin PBXVariantGroup section */
		BAF86FB12B32A62000E0F939 /* Main.storyboard */ = {
			isa = PBXVariantGroup;
			children = (
				BAF86FB22B32A62000E0F939 /* Base */,
			);
			name = Main.storyboard;
			sourceTree = "<group>";
		};
		BAF86FB62B32A62200E0F939 /* LaunchScreen.storyboard */ = {
			isa = PBXVariantGroup;
			children = (
				BAF86FB72B32A62200E0F939 /* Base */,
			);
			name = LaunchScreen.storyboard;
			sourceTree = "<group>";
		};
/* End PBXVariantGroup section */

/* Begin XCBuildConfiguration section */
		BAF86FBA2B32A62200E0F939 /* Debug */ = {
			isa = XCBuildConfiguration;
			buildSettings = {
				ALWAYS_SEARCH_USER_PATHS = NO;
				ASSETCATALOG_COMPILER_GENERATE_SWIFT_ASSET_SYMBOL_EXTENSIONS = YES;
				CLANG_ANALYZER_NONNULL = YES;
				CLANG_ANALYZER_NUMBER_OBJECT_CONVERSION = YES_AGGRESSIVE;
				CLANG_CXX_LANGUAGE_STANDARD = "gnu++20";
				CLANG_ENABLE_MODULES = YES;
				CLANG_ENABLE_OBJC_ARC = YES;
				CLANG_ENABLE_OBJC_WEAK = YES;
				CLANG_WARN_BLOCK_CAPTURE_AUTORELEASING = YES;
				CLANG_WARN_BOOL_CONVERSION = YES;
				CLANG_WARN_COMMA = YES;
				CLANG_WARN_CONSTANT_CONVERSION = YES;
				CLANG_WARN_DEPRECATED_OBJC_IMPLEMENTATIONS = YES;
				CLANG_WARN_DIRECT_OBJC_ISA_USAGE = YES_ERROR;
				CLANG_WARN_DOCUMENTATION_COMMENTS = YES;
				CLANG_WARN_EMPTY_BODY = YES;
				CLANG_WARN_ENUM_CONVERSION = YES;
				CLANG_WARN_INFINITE_RECURSION = YES;
				CLANG_WARN_INT_CONVERSION = YES;
				CLANG_WARN_NON_LITERAL_NULL_CONVERSION = YES;
				CLANG_WARN_OBJC_IMPLICIT_RETAIN_SELF = YES;
				CLANG_WARN_OBJC_LITERAL_CONVERSION = YES;
				CLANG_WARN_OBJC_ROOT_CLASS = YES_ERROR;
				CLANG_WARN_QUOTED_INCLUDE_IN_FRAMEWORK_HEADER = YES;
				CLANG_WARN_RANGE_LOOP_ANALYSIS = YES;
				CLANG_WARN_STRICT_PROTOTYPES = YES;
				CLANG_WARN_SUSPICIOUS_MOVE = YES;
				CLANG_WARN_UNGUARDED_AVAILABILITY = YES_AGGRESSIVE;
				CLANG_WARN_UNREACHABLE_CODE = YES;
				CLANG_WARN__DUPLICATE_METHOD_MATCH = YES;
				COPY_PHASE_STRIP = NO;
				DEBUG_INFORMATION_FORMAT = dwarf;
				ENABLE_STRICT_OBJC_MSGSEND = YES;
				ENABLE_TESTABILITY = YES;
				ENABLE_USER_SCRIPT_SANDBOXING = YES;
				GCC_C_LANGUAGE_STANDARD = gnu17;
				GCC_DYNAMIC_NO_PIC = NO;
				GCC_NO_COMMON_BLOCKS = YES;
				GCC_OPTIMIZATION_LEVEL = 0;
				GCC_PREPROCESSOR_DEFINITIONS = (
					"DEBUG=1",
					"$(inherited)",
				);
				GCC_WARN_64_TO_32_BIT_CONVERSION = YES;
				GCC_WARN_ABOUT_RETURN_TYPE = YES_ERROR;
				GCC_WARN_UNDECLARED_SELECTOR = YES;
				GCC_WARN_UNINITIALIZED_AUTOS = YES_AGGRESSIVE;
				GCC_WARN_UNUSED_FUNCTION = YES;
				GCC_WARN_UNUSED_VARIABLE = YES;
				IPHONEOS_DEPLOYMENT_TARGET = 17.0;
				LOCALIZATION_PREFERS_STRING_CATALOGS = YES;
				MTL_ENABLE_DEBUG_INFO = INCLUDE_SOURCE;
				MTL_FAST_MATH = YES;
				ONLY_ACTIVE_ARCH = YES;
				SDKROOT = iphoneos;
				SWIFT_ACTIVE_COMPILATION_CONDITIONS = "DEBUG $(inherited)";
				SWIFT_OPTIMIZATION_LEVEL = "-Onone";
			};
			name = Debug;
		};
		BAF86FBB2B32A62200E0F939 /* Release */ = {
			isa = XCBuildConfiguration;
			buildSettings = {
				ALWAYS_SEARCH_USER_PATHS = NO;
				ASSETCATALOG_COMPILER_GENERATE_SWIFT_ASSET_SYMBOL_EXTENSIONS = YES;
				CLANG_ANALYZER_NONNULL = YES;
				CLANG_ANALYZER_NUMBER_OBJECT_CONVERSION = YES_AGGRESSIVE;
				CLANG_CXX_LANGUAGE_STANDARD = "gnu++20";
				CLANG_ENABLE_MODULES = YES;
				CLANG_ENABLE_OBJC_ARC = YES;
				CLANG_ENABLE_OBJC_WEAK = YES;
				CLANG_WARN_BLOCK_CAPTURE_AUTORELEASING = YES;
				CLANG_WARN_BOOL_CONVERSION = YES;
				CLANG_WARN_COMMA = YES;
				CLANG_WARN_CONSTANT_CONVERSION = YES;
				CLANG_WARN_DEPRECATED_OBJC_IMPLEMENTATIONS = YES;
				CLANG_WARN_DIRECT_OBJC_ISA_USAGE = YES_ERROR;
				CLANG_WARN_DOCUMENTATION_COMMENTS = YES;
				CLANG_WARN_EMPTY_BODY = YES;
				CLANG_WARN_ENUM_CONVERSION = YES;
				CLANG_WARN_INFINITE_RECURSION = YES;
				CLANG_WARN_INT_CONVERSION = YES;
				CLANG_WARN_NON_LITERAL_NULL_CONVERSION = YES;
				CLANG_WARN_OBJC_IMPLICIT_RETAIN_SELF = YES;
				CLANG_WARN_OBJC_LITERAL_CONVERSION = YES;
				CLANG_WARN_OBJC_ROOT_CLASS = YES_ERROR;
				CLANG_WARN_QUOTED_INCLUDE_IN_FRAMEWORK_HEADER = YES;
				CLANG_WARN_RANGE_LOOP_ANALYSIS = YES;
				CLANG_WARN_STRICT_PROTOTYPES = YES;
				CLANG_WARN_SUSPICIOUS_MOVE = YES;
				CLANG_WARN_UNGUARDED_AVAILABILITY = YES_AGGRESSIVE;
				CLANG_WARN_UNREACHABLE_CODE = YES;
				CLANG_WARN__DUPLICATE_METHOD_MATCH = YES;
				COPY_PHASE_STRIP = NO;
				DEBUG_INFORMATION_FORMAT = "dwarf-with-dsym";
				ENABLE_NS_ASSERTIONS = NO;
				ENABLE_STRICT_OBJC_MSGSEND = YES;
				ENABLE_USER_SCRIPT_SANDBOXING = YES;
				GCC_C_LANGUAGE_STANDARD = gnu17;
				GCC_NO_COMMON_BLOCKS = YES;
				GCC_WARN_64_TO_32_BIT_CONVERSION = YES;
				GCC_WARN_ABOUT_RETURN_TYPE = YES_ERROR;
				GCC_WARN_UNDECLARED_SELECTOR = YES;
				GCC_WARN_UNINITIALIZED_AUTOS = YES_AGGRESSIVE;
				GCC_WARN_UNUSED_FUNCTION = YES;
				GCC_WARN_UNUSED_VARIABLE = YES;
				IPHONEOS_DEPLOYMENT_TARGET = 17.0;
				LOCALIZATION_PREFERS_STRING_CATALOGS = YES;
				MTL_ENABLE_DEBUG_INFO = NO;
				MTL_FAST_MATH = YES;
				SDKROOT = iphoneos;
				SWIFT_COMPILATION_MODE = wholemodule;
				VALIDATE_PRODUCT = YES;
			};
			name = Release;
		};
		BAF86FBD2B32A62200E0F939 /* Debug */ = {
			isa = XCBuildConfiguration;
			buildSettings = {
				ASSETCATALOG_COMPILER_APPICON_NAME = AppIcon;
				ASSETCATALOG_COMPILER_GLOBAL_ACCENT_COLOR_NAME = AccentColor;
				CODE_SIGN_STYLE = Automatic;
				CURRENT_PROJECT_VERSION = 1;
				DEVELOPMENT_TEAM = L3L56Q665Z;
				GENERATE_INFOPLIST_FILE = YES;
				INFOPLIST_FILE = Neobis_iOS_Marketplace/Info.plist;
				INFOPLIST_KEY_NSPhotoLibraryAddUsageDescription = "Please allow access to library";
				INFOPLIST_KEY_UIApplicationSupportsIndirectInputEvents = YES;
				INFOPLIST_KEY_UILaunchStoryboardName = LaunchScreen;
				INFOPLIST_KEY_UIMainStoryboardFile = Main;
				INFOPLIST_KEY_UISupportedInterfaceOrientations = UIInterfaceOrientationPortrait;
				INFOPLIST_KEY_UISupportedInterfaceOrientations_iPad = "UIInterfaceOrientationLandscapeLeft UIInterfaceOrientationLandscapeRight UIInterfaceOrientationPortrait UIInterfaceOrientationPortraitUpsideDown";
				IPHONEOS_DEPLOYMENT_TARGET = 16.0;
				LD_RUNPATH_SEARCH_PATHS = (
					"$(inherited)",
					"@executable_path/Frameworks",
				);
				MARKETING_VERSION = 1.0;
				PRODUCT_BUNDLE_IDENTIFIER = "com.ipaktulane.Neobis-iOS-Marketplace";
				PRODUCT_NAME = "$(TARGET_NAME)";
				SUPPORTED_PLATFORMS = "iphoneos iphonesimulator";
				SUPPORTS_MACCATALYST = NO;
				SUPPORTS_MAC_DESIGNED_FOR_IPHONE_IPAD = NO;
				SWIFT_EMIT_LOC_STRINGS = YES;
				SWIFT_VERSION = 5.0;
				TARGETED_DEVICE_FAMILY = 1;
			};
			name = Debug;
		};
		BAF86FBE2B32A62200E0F939 /* Release */ = {
			isa = XCBuildConfiguration;
			buildSettings = {
				ASSETCATALOG_COMPILER_APPICON_NAME = AppIcon;
				ASSETCATALOG_COMPILER_GLOBAL_ACCENT_COLOR_NAME = AccentColor;
				CODE_SIGN_STYLE = Automatic;
				CURRENT_PROJECT_VERSION = 1;
				DEVELOPMENT_TEAM = L3L56Q665Z;
				GENERATE_INFOPLIST_FILE = YES;
				INFOPLIST_FILE = Neobis_iOS_Marketplace/Info.plist;
				INFOPLIST_KEY_NSPhotoLibraryAddUsageDescription = "Please allow access to library";
				INFOPLIST_KEY_UIApplicationSupportsIndirectInputEvents = YES;
				INFOPLIST_KEY_UILaunchStoryboardName = LaunchScreen;
				INFOPLIST_KEY_UIMainStoryboardFile = Main;
				INFOPLIST_KEY_UISupportedInterfaceOrientations = UIInterfaceOrientationPortrait;
				INFOPLIST_KEY_UISupportedInterfaceOrientations_iPad = "UIInterfaceOrientationLandscapeLeft UIInterfaceOrientationLandscapeRight UIInterfaceOrientationPortrait UIInterfaceOrientationPortraitUpsideDown";
				IPHONEOS_DEPLOYMENT_TARGET = 16.0;
				LD_RUNPATH_SEARCH_PATHS = (
					"$(inherited)",
					"@executable_path/Frameworks",
				);
				MARKETING_VERSION = 1.0;
				PRODUCT_BUNDLE_IDENTIFIER = "com.ipaktulane.Neobis-iOS-Marketplace";
				PRODUCT_NAME = "$(TARGET_NAME)";
				SUPPORTED_PLATFORMS = "iphoneos iphonesimulator";
				SUPPORTS_MACCATALYST = NO;
				SUPPORTS_MAC_DESIGNED_FOR_IPHONE_IPAD = NO;
				SWIFT_EMIT_LOC_STRINGS = YES;
				SWIFT_VERSION = 5.0;
				TARGETED_DEVICE_FAMILY = 1;
			};
			name = Release;
		};
/* End XCBuildConfiguration section */

/* Begin XCConfigurationList section */
		BAF86FA32B32A62000E0F939 /* Build configuration list for PBXProject "Neobis_iOS_Marketplace" */ = {
			isa = XCConfigurationList;
			buildConfigurations = (
				BAF86FBA2B32A62200E0F939 /* Debug */,
				BAF86FBB2B32A62200E0F939 /* Release */,
			);
			defaultConfigurationIsVisible = 0;
			defaultConfigurationName = Release;
		};
		BAF86FBC2B32A62200E0F939 /* Build configuration list for PBXNativeTarget "Neobis_iOS_Marketplace" */ = {
			isa = XCConfigurationList;
			buildConfigurations = (
				BAF86FBD2B32A62200E0F939 /* Debug */,
				BAF86FBE2B32A62200E0F939 /* Release */,
			);
			defaultConfigurationIsVisible = 0;
			defaultConfigurationName = Release;
		};
/* End XCConfigurationList section */

/* Begin XCRemoteSwiftPackageReference section */
		BAEEA7AF2B469DD400DCD042 /* XCRemoteSwiftPackageReference "IQKeyboardManager" */ = {
			isa = XCRemoteSwiftPackageReference;
			repositoryURL = "https://github.com/hackiftekhar/IQKeyboardManager.git";
			requirement = {
				kind = upToNextMajorVersion;
				minimumVersion = 6.5.16;
			};
		};
		BAF86FC22B34416300E0F939 /* XCRemoteSwiftPackageReference "SnapKit" */ = {
			isa = XCRemoteSwiftPackageReference;
			repositoryURL = "https://github.com/SnapKit/SnapKit.git";
			requirement = {
				kind = upToNextMajorVersion;
				minimumVersion = 5.6.0;
			};
		};
		BAF870392B38827800E0F939 /* XCRemoteSwiftPackageReference "Alamofire" */ = {
			isa = XCRemoteSwiftPackageReference;
			repositoryURL = "https://github.com/Alamofire/Alamofire.git";
			requirement = {
				kind = upToNextMajorVersion;
				minimumVersion = 5.8.1;
			};
		};
		BAF8703C2B3883AE00E0F939 /* XCRemoteSwiftPackageReference "AlamofireImage" */ = {
			isa = XCRemoteSwiftPackageReference;
			repositoryURL = "https://github.com/Alamofire/AlamofireImage.git";
			requirement = {
				kind = upToNextMajorVersion;
				minimumVersion = 4.3.0;
			};
		};
/* End XCRemoteSwiftPackageReference section */

/* Begin XCSwiftPackageProductDependency section */
		BAEEA7B02B469DD400DCD042 /* IQKeyboardManagerSwift */ = {
			isa = XCSwiftPackageProductDependency;
			package = BAEEA7AF2B469DD400DCD042 /* XCRemoteSwiftPackageReference "IQKeyboardManager" */;
			productName = IQKeyboardManagerSwift;
		};
		BAF86FC32B34416300E0F939 /* SnapKit */ = {
			isa = XCSwiftPackageProductDependency;
			package = BAF86FC22B34416300E0F939 /* XCRemoteSwiftPackageReference "SnapKit" */;
			productName = SnapKit;
		};
		BAF86FC52B34416300E0F939 /* SnapKit-Dynamic */ = {
			isa = XCSwiftPackageProductDependency;
			package = BAF86FC22B34416300E0F939 /* XCRemoteSwiftPackageReference "SnapKit" */;
			productName = "SnapKit-Dynamic";
		};
		BAF8703A2B38827800E0F939 /* Alamofire */ = {
			isa = XCSwiftPackageProductDependency;
			package = BAF870392B38827800E0F939 /* XCRemoteSwiftPackageReference "Alamofire" */;
			productName = Alamofire;
		};
		BAF8703D2B3883AE00E0F939 /* AlamofireImage */ = {
			isa = XCSwiftPackageProductDependency;
			package = BAF8703C2B3883AE00E0F939 /* XCRemoteSwiftPackageReference "AlamofireImage" */;
			productName = AlamofireImage;
		};
/* End XCSwiftPackageProductDependency section */
	};
	rootObject = BAF86FA02B32A62000E0F939 /* Project object */;
}
